
Microsoft Visual Studio Solution File, Format Version 12.00
# Visual Studio Version 17
VisualStudioVersion = 17.7.34031.279
MinimumVisualStudioVersion = 10.0.40219.1
Project("{8BC9CEB8-8B4A-11D0-8D11-00A0C91BC942}") = "RestuarantProject", "RestuarantProject.vcxproj", "{979B7B2D-384F-4BFB-A750-D181E8C6E51F}"
EndProject
Global
	GlobalSection(SolutionConfigurationPlatforms) = preSolution
		Debug|x64 = Debug|x64
		Debug|x86 = Debug|x86
		Release|x64 = Release|x64
		Release|x86 = Release|x86
	EndGlobalSection
	GlobalSection(ProjectConfigurationPlatforms) = postSolution
		{979B7B2D-384F-4BFB-A750-D181E8C6E51F}.Debug|x64.ActiveCfg = Debug|x64
		{979B7B2D-384F-4BFB-A750-D181E8C6E51F}.Debug|x64.Build.0 = Debug|x64
		{979B7B2D-384F-4BFB-A750-D181E8C6E51F}.Debug|x86.ActiveCfg = Debug|Win32
		{979B7B2D-384F-4BFB-A750-D181E8C6E51F}.Debug|x86.Build.0 = Debug|Win32
		{979B7B2D-384F-4BFB-A750-D181E8C6E51F}.Release|x64.ActiveCfg = Release|x64
		{979B7B2D-384F-4BFB-A750-D181E8C6E51F}.Release|x64.Build.0 = Release|x64
		{979B7B2D-384F-4BFB-A750-D181E8C6E51F}.Release|x86.ActiveCfg = Release|Win32
		{979B7B2D-384F-4BFB-A750-D181E8C6E51F}.Release|x86.Build.0 = Release|Win32
	EndGlobalSection
	GlobalSection(SolutionProperties) = preSolution
		HideSolutionNode = FALSE
	EndGlobalSection
	GlobalSection(ExtensibilityGlobals) = postSolution
		SolutionGuid = {97E643C5-02AB-48B6-8774-E37AF1B1B239}
	EndGlobalSection
EndGlobal
